PODS:
  - MTSDK (4.0.2)
  - Realm (10.36.0):
    - Realm/Headers (= 10.36.0)
  - Realm/Headers (10.36.0)
  - RealmSwift (10.36.0):
    - Realm (= 10.36.0)

DEPENDENCIES:
  - MTSDK
  - RealmSwift

SPEC REPOS:
  trunk:
    - MTSDK
    - Realm
    - RealmSwift

SPEC CHECKSUMS:
  MTSDK: c8ed8a344627e1059a5aa4f1a329de0039fd6f1b
  Realm: 3fd136cb4c83a927482a7f1612496d37beed3cf5
  RealmSwift: 513d4dcbf5bfc4d573454088b592685fc48dd716

PODFILE CHECKSUM: 783068a7e55e92d096e1915706348b688c666b3d

COCOAPODS: 1.12.0
